{
  "name": "nodejs-trace-http-analysis",
  "version": "1.0.0",
  "lockfileVersion": 3,
  "requires": true,
  "packages": {
    "": {
      "name": "nodejs-trace-http-analysis",
      "version": "1.0.0",
      "license": "ISC",
      "dependencies": {
        "light-my-request": "^5.9.1"
      }
    },
    "node_modules/cookie": {
      "version": "0.5.0",
      "resolved": "https://registry.npmjs.org/cookie/-/cookie-0.5.0.tgz",
      "integrity": "sha512-YZ3GUyn/o8gfKJlnlX7g7xq4gyO6OSuhGPKaaGssGB2qgDUS0gPgtTvoyZLTt9Ab6dC4hfc9dV5arkvc/OCmrw==",
      "engines": {
        "node": ">= 0.6"
      }
    },
    "node_modules/light-my-request": {
      "version": "5.9.1",
      "resolved": "https://registry.npmjs.org/light-my-request/-/light-my-request-5.9.1.tgz",
      "integrity": "sha512-UT7pUk8jNCR1wR7w3iWfIjx32DiB2f3hFdQSOwy3/EPQ3n3VocyipUxcyRZR0ahoev+fky69uA+GejPa9KuHKg==",
      "dependencies": {
        "cookie": "^0.5.0",
        "process-warning": "^2.0.0",
        "set-cookie-parser": "^2.4.1"
      }
    },
    "node_modules/process-warning": {
      "version": "2.2.0",
      "resolved": "https://registry.npmjs.org/process-warning/-/process-warning-2.2.0.tgz",
      "integrity": "sha512-/1WZ8+VQjR6avWOgHeEPd7SDQmFQ1B5mC1eRXsCm5TarlNmx/wCsa5GEaxGm05BORRtyG/Ex/3xq3TuRvq57qg=="
    },
    "node_modules/set-cookie-parser": {
      "version": "2.6.0",
      "resolved": "https://registry.npmjs.org/set-cookie-parser/-/set-cookie-parser-2.6.0.tgz",
      "integrity": "sha512-RVnVQxTXuerk653XfuliOxBP81Sf0+qfQE73LIYKcyMYHG94AuH0kgrQpRDuTZnSmjpysHmzxJXKNfa6PjFhyQ=="
    }
  }
}
